
Microsoft Visual Studio Solution File, Format Version 12.00
# Visual Studio 15
VisualStudioVersion = 15.0.27130.2026
MinimumVisualStudioVersion = 10.0.40219.1
Project("{FAE04EC0-301F-11D3-BF4B-00C04F79EFBC}") = "MVCIntrodução", "MVCIntrodução\MVCIntrodução.csproj", "{F1ED7C2B-5DF2-46E9-8FB7-68366E74354D}"
EndProject
Global
	GlobalSection(SolutionConfigurationPlatforms) = preSolution
		Debug|Any CPU = Debug|Any CPU
		Release|Any CPU = Release|Any CPU
	EndGlobalSection
	GlobalSection(ProjectConfigurationPlatforms) = postSolution
		{F1ED7C2B-5DF2-46E9-8FB7-68366E74354D}.Debug|Any CPU.ActiveCfg = Debug|Any CPU
		{F1ED7C2B-5DF2-46E9-8FB7-68366E74354D}.Debug|Any CPU.Build.0 = Debug|Any CPU
		{F1ED7C2B-5DF2-46E9-8FB7-68366E74354D}.Release|Any CPU.ActiveCfg = Release|Any CPU
		{F1ED7C2B-5DF2-46E9-8FB7-68366E74354D}.Release|Any CPU.Build.0 = Release|Any CPU
	EndGlobalSection
	GlobalSection(SolutionProperties) = preSolution
		HideSolutionNode = FALSE
	EndGlobalSection
	GlobalSection(ExtensibilityGlobals) = postSolution
		SolutionGuid = {934A6BAA-FA8D-4915-B819-327B07767A61}
	EndGlobalSection
EndGlobal
