
Microsoft Visual Studio Solution File, Format Version 12.00
# Visual Studio 15
VisualStudioVersion = 15.0.27130.2026
MinimumVisualStudioVersion = 10.0.40219.1
Project("{FAE04EC0-301F-11D3-BF4B-00C04F79EFBC}") = "UI.Dos", "UI.Dos\UI.Dos.csproj", "{4A68FB4C-0B78-4264-A06C-747AE3A0B881}"
EndProject
Project("{FAE04EC0-301F-11D3-BF4B-00C04F79EFBC}") = "AulasCsharp.RepositorioADO", "AulasCsharp.Repositorio\AulasCsharp.RepositorioADO.csproj", "{DC69414A-7A52-47E8-BB10-01463E1112F5}"
EndProject
Project("{FAE04EC0-301F-11D3-BF4B-00C04F79EFBC}") = "AulasCsharp.Dominio", "AulasCsharp.Dominio\AulasCsharp.Dominio.csproj", "{9CDA331E-F94B-45B4-A212-34A743380023}"
EndProject
Project("{FAE04EC0-301F-11D3-BF4B-00C04F79EFBC}") = "AulasCsharp.Aplicacao", "AulasCsharp.Aplicacao\AulasCsharp.Aplicacao.csproj", "{F8FBF111-EA15-40CE-815B-E08903B0C371}"
EndProject
Project("{FAE04EC0-301F-11D3-BF4B-00C04F79EFBC}") = "UI.Web", "UI.Web\UI.Web.csproj", "{475A6D03-2295-4A75-AA15-216C3DC50FC2}"
EndProject
Project("{FAE04EC0-301F-11D3-BF4B-00C04F79EFBC}") = "AulasCsharp.RepositorioEntityFramework", "AulasCsharp.RepositorioEntityFramework\AulasCsharp.RepositorioEntityFramework.csproj", "{2A28F34D-A57E-4674-896F-D124E12885F6}"
EndProject
Global
	GlobalSection(SolutionConfigurationPlatforms) = preSolution
		Debug|Any CPU = Debug|Any CPU
		Release|Any CPU = Release|Any CPU
	EndGlobalSection
	GlobalSection(ProjectConfigurationPlatforms) = postSolution
		{4A68FB4C-0B78-4264-A06C-747AE3A0B881}.Debug|Any CPU.ActiveCfg = Debug|Any CPU
		{4A68FB4C-0B78-4264-A06C-747AE3A0B881}.Debug|Any CPU.Build.0 = Debug|Any CPU
		{4A68FB4C-0B78-4264-A06C-747AE3A0B881}.Release|Any CPU.ActiveCfg = Release|Any CPU
		{4A68FB4C-0B78-4264-A06C-747AE3A0B881}.Release|Any CPU.Build.0 = Release|Any CPU
		{DC69414A-7A52-47E8-BB10-01463E1112F5}.Debug|Any CPU.ActiveCfg = Debug|Any CPU
		{DC69414A-7A52-47E8-BB10-01463E1112F5}.Debug|Any CPU.Build.0 = Debug|Any CPU
		{DC69414A-7A52-47E8-BB10-01463E1112F5}.Release|Any CPU.ActiveCfg = Release|Any CPU
		{DC69414A-7A52-47E8-BB10-01463E1112F5}.Release|Any CPU.Build.0 = Release|Any CPU
		{9CDA331E-F94B-45B4-A212-34A743380023}.Debug|Any CPU.ActiveCfg = Debug|Any CPU
		{9CDA331E-F94B-45B4-A212-34A743380023}.Debug|Any CPU.Build.0 = Debug|Any CPU
		{9CDA331E-F94B-45B4-A212-34A743380023}.Release|Any CPU.ActiveCfg = Release|Any CPU
		{9CDA331E-F94B-45B4-A212-34A743380023}.Release|Any CPU.Build.0 = Release|Any CPU
		{F8FBF111-EA15-40CE-815B-E08903B0C371}.Debug|Any CPU.ActiveCfg = Debug|Any CPU
		{F8FBF111-EA15-40CE-815B-E08903B0C371}.Debug|Any CPU.Build.0 = Debug|Any CPU
		{F8FBF111-EA15-40CE-815B-E08903B0C371}.Release|Any CPU.ActiveCfg = Release|Any CPU
		{F8FBF111-EA15-40CE-815B-E08903B0C371}.Release|Any CPU.Build.0 = Release|Any CPU
		{475A6D03-2295-4A75-AA15-216C3DC50FC2}.Debug|Any CPU.ActiveCfg = Debug|Any CPU
		{475A6D03-2295-4A75-AA15-216C3DC50FC2}.Debug|Any CPU.Build.0 = Debug|Any CPU
		{475A6D03-2295-4A75-AA15-216C3DC50FC2}.Release|Any CPU.ActiveCfg = Release|Any CPU
		{475A6D03-2295-4A75-AA15-216C3DC50FC2}.Release|Any CPU.Build.0 = Release|Any CPU
		{2A28F34D-A57E-4674-896F-D124E12885F6}.Debug|Any CPU.ActiveCfg = Debug|Any CPU
		{2A28F34D-A57E-4674-896F-D124E12885F6}.Debug|Any CPU.Build.0 = Debug|Any CPU
		{2A28F34D-A57E-4674-896F-D124E12885F6}.Release|Any CPU.ActiveCfg = Release|Any CPU
		{2A28F34D-A57E-4674-896F-D124E12885F6}.Release|Any CPU.Build.0 = Release|Any CPU
	EndGlobalSection
	GlobalSection(SolutionProperties) = preSolution
		HideSolutionNode = FALSE
	EndGlobalSection
	GlobalSection(ExtensibilityGlobals) = postSolution
		SolutionGuid = {AA69CA53-9902-46BC-AC09-33A655CB4C21}
	EndGlobalSection
EndGlobal
